
Microsoft Visual Studio Solution File, Format Version 12.00
# Visual Studio Version 17
VisualStudioVersion = 17.1.32421.90
MinimumVisualStudioVersion = 10.0.40219.1
Project("{FAE04EC0-301F-11D3-BF4B-00C04F79EFBC}") = "Lab_1_POO", "Lab_1_POO.csproj", "{96F95008-9F5B-4734-A84A-78A0C349DAED}"
EndProject
Global
	GlobalSection(SolutionConfigurationPlatforms) = preSolution
		Debug|Any CPU = Debug|Any CPU
		Release|Any CPU = Release|Any CPU
	EndGlobalSection
	GlobalSection(ProjectConfigurationPlatforms) = postSolution
		{96F95008-9F5B-4734-A84A-78A0C349DAED}.Debug|Any CPU.ActiveCfg = Debug|Any CPU
		{96F95008-9F5B-4734-A84A-78A0C349DAED}.Debug|Any CPU.Build.0 = Debug|Any CPU
		{96F95008-9F5B-4734-A84A-78A0C349DAED}.Release|Any CPU.ActiveCfg = Release|Any CPU
		{96F95008-9F5B-4734-A84A-78A0C349DAED}.Release|Any CPU.Build.0 = Release|Any CPU
	EndGlobalSection
	GlobalSection(SolutionProperties) = preSolution
		HideSolutionNode = FALSE
	EndGlobalSection
	GlobalSection(ExtensibilityGlobals) = postSolution
		SolutionGuid = {86F36403-4135-458F-8724-5388462E59B1}
	EndGlobalSection
EndGlobal
